// !$*UTF8*$!
{
	archiveVersion = 1;
	classes = {
	};
	objectVersion = 46;
	objects = {

/* Begin PBXBuildFile section */
		6F87FE7F1C8B566000BA993B /* main.m in Sources */ = {isa = PBXBuildFile; fileRef = 6F87FE7E1C8B566000BA993B /* main.m */; };
		6F87FE821C8B566000BA993B /* AppDelegate.m in Sources */ = {isa = PBXBuildFile; fileRef = 6F87FE811C8B566000BA993B /* AppDelegate.m */; };
		6F87FE851C8B566000BA993B /* ViewController.m in Sources */ = {isa = PBXBuildFile; fileRef = 6F87FE841C8B566000BA993B /* ViewController.m */; };
		6F87FE881C8B566000BA993B /* Main.storyboard in Resources */ = {isa = PBXBuildFile; fileRef = 6F87FE861C8B566000BA993B /* Main.storyboard */; };
		6F87FE8A1C8B566100BA993B /* Images.xcassets in Resources */ = {isa = PBXBuildFile; fileRef = 6F87FE891C8B566100BA993B /* Images.xcassets */; };
		6F87FE8D1C8B566100BA993B /* LaunchScreen.xib in Resources */ = {isa = PBXBuildFile; fileRef = 6F87FE8B1C8B566100BA993B /* LaunchScreen.xib */; };
		6F87FE991C8B566100BA993B /* NotesyTests.m in Sources */ = {isa = PBXBuildFile; fileRef = 6F87FE981C8B566100BA993B /* NotesyTests.m */; };
		6F9017F61C9141BB009B56F2 /* PasswordViewController.m in Sources */ = {isa = PBXBuildFile; fileRef = 6F9017F51C9141BB009B56F2 /* PasswordViewController.m */; };
		6F9017F91C914FF8009B56F2 /* SettingsViewController.m in Sources */ = {isa = PBXBuildFile; fileRef = 6F9017F81C914FF8009B56F2 /* SettingsViewController.m */; };
		6FB850561C8D2E680031FFF2 /* EditNoteViewController.m in Sources */ = {isa = PBXBuildFile; fileRef = 6FB850551C8D2E680031FFF2 /* EditNoteViewController.m */; };
		6FD2D0431C8D14BD00552DFE /* LocalAuthentication.framework in Frameworks */ = {isa = PBXBuildFile; fileRef = 6FD2D0421C8D14BD00552DFE /* LocalAuthentication.framework */; };
		6FFBB9151C9207EB0066F75D /* PAPasscodeViewController.m in Sources */ = {isa = PBXBuildFile; fileRef = 6FFBB9141C9207EB0066F75D /* PAPasscodeViewController.m */; };
/* End PBXBuildFile section */

/* Begin PBXContainerItemProxy section */
		6F87FE931C8B566100BA993B /* PBXContainerItemProxy */ = {
			isa = PBXContainerItemProxy;
			containerPortal = 6F87FE711C8B566000BA993B /* Project object */;
			proxyType = 1;
			remoteGlobalIDString = 6F87FE781C8B566000BA993B;
			remoteInfo = Notesy;
		};
/* End PBXContainerItemProxy section */

/* Begin PBXFileReference section */
		67F9A10D1C93DD6B00147B51 /* Header.h */ = {isa = PBXFileReference; lastKnownFileType = sourcecode.c.h; path = Header.h; sourceTree = "<group>"; };
		6F87FE791C8B566000BA993B /* Notesy.app */ = {isa = PBXFileReference; explicitFileType = wrapper.application; includeInIndex = 0; path = Notesy.app; sourceTree = BUILT_PRODUCTS_DIR; };
		6F87FE7D1C8B566000BA993B /* Info.plist */ = {isa = PBXFileReference; lastKnownFileType = text.plist.xml; path = Info.plist; sourceTree = "<group>"; };
		6F87FE7E1C8B566000BA993B /* main.m */ = {isa = PBXFileReference; lastKnownFileType = sourcecode.c.objc; path = main.m; sourceTree = "<group>"; };
		6F87FE801C8B566000BA993B /* AppDelegate.h */ = {isa = PBXFileReference; lastKnownFileType = sourcecode.c.h; path = AppDelegate.h; sourceTree = "<group>"; };
		6F87FE811C8B566000BA993B /* AppDelegate.m */ = {isa = PBXFileReference; lastKnownFileType = sourcecode.c.objc; path = AppDelegate.m; sourceTree = "<group>"; };
		6F87FE831C8B566000BA993B /* ViewController.h */ = {isa = PBXFileReference; lastKnownFileType = sourcecode.c.h; path = ViewController.h; sourceTree = "<group>"; };
		6F87FE841C8B566000BA993B /* ViewController.m */ = {isa = PBXFileReference; lastKnownFileType = sourcecode.c.objc; path = ViewController.m; sourceTree = "<group>"; };
		6F87FE871C8B566000BA993B /* Base */ = {isa = PBXFileReference; lastKnownFileType = file.storyboard; name = Base; path = Base.lproj/Main.storyboard; sourceTree = "<group>"; };
		6F87FE891C8B566100BA993B /* Images.xcassets */ = {isa = PBXFileReference; lastKnownFileType = folder.assetcatalog; path = Images.xcassets; sourceTree = "<group>"; };
		6F87FE8C1C8B566100BA993B /* Base */ = {isa = PBXFileReference; lastKnownFileType = file.xib; name = Base; path = Base.lproj/LaunchScreen.xib; sourceTree = "<group>"; };
		6F87FE921C8B566100BA993B /* NotesyTests.xctest */ = {isa = PBXFileReference; explicitFileType = wrapper.cfbundle; includeInIndex = 0; path = NotesyTests.xctest; sourceTree = BUILT_PRODUCTS_DIR; };
		6F87FE971C8B566100BA993B /* Info.plist */ = {isa = PBXFileReference; lastKnownFileType = text.plist.xml; path = Info.plist; sourceTree = "<group>"; };
		6F87FE981C8B566100BA993B /* NotesyTests.m */ = {isa = PBXFileReference; lastKnownFileType = sourcecode.c.objc; path = NotesyTests.m; sourceTree = "<group>"; };
		6F9017F41C9141B7009B56F2 /* PasswordViewController.h */ = {isa = PBXFileReference; lastKnownFileType = sourcecode.c.h; path = PasswordViewController.h; sourceTree = "<group>"; };
		6F9017F51C9141BB009B56F2 /* PasswordViewController.m */ = {isa = PBXFileReference; fileEncoding = 4; lastKnownFileType = sourcecode.c.objc; path = PasswordViewController.m; sourceTree = "<group>"; };
		6F9017F71C914FF8009B56F2 /* SettingsViewController.h */ = {isa = PBXFileReference; fileEncoding = 4; lastKnownFileType = sourcecode.c.h; path = SettingsViewController.h; sourceTree = "<group>"; };
		6F9017F81C914FF8009B56F2 /* SettingsViewController.m */ = {isa = PBXFileReference; fileEncoding = 4; lastKnownFileType = sourcecode.c.objc; path = SettingsViewController.m; sourceTree = "<group>"; };
		6FB850541C8D2E680031FFF2 /* EditNoteViewController.h */ = {isa = PBXFileReference; fileEncoding = 4; lastKnownFileType = sourcecode.c.h; path = EditNoteViewController.h; sourceTree = "<group>"; };
		6FB850551C8D2E680031FFF2 /* EditNoteViewController.m */ = {isa = PBXFileReference; fileEncoding = 4; lastKnownFileType = sourcecode.c.objc; path = EditNoteViewController.m; sourceTree = "<group>"; };
		6FD2D0421C8D14BD00552DFE /* LocalAuthentication.framework */ = {isa = PBXFileReference; lastKnownFileType = wrapper.framework; name = LocalAuthentication.framework; path = System/Library/Frameworks/LocalAuthentication.framework; sourceTree = SDKROOT; };
		6FFBB9131C9207EB0066F75D /* PAPasscodeViewController.h */ = {isa = PBXFileReference; fileEncoding = 4; lastKnownFileType = sourcecode.c.h; path = PAPasscodeViewController.h; sourceTree = "<group>"; };
		6FFBB9141C9207EB0066F75D /* PAPasscodeViewController.m */ = {isa = PBXFileReference; fileEncoding = 4; lastKnownFileType = sourcecode.c.objc; path = PAPasscodeViewController.m; sourceTree = "<group>"; };
/* End PBXFileReference section */

/* Begin PBXFrameworksBuildPhase section */
		6F87FE761C8B566000BA993B /* Frameworks */ = {
			isa = PBXFrameworksBuildPhase;
			buildActionMask = 2147483647;
			files = (
				6FD2D0431C8D14BD00552DFE /* LocalAuthentication.framework in Frameworks */,
			);
			runOnlyForDeploymentPostprocessing = 0;
		};
		6F87FE8F1C8B566100BA993B /* Frameworks */ = {
			isa = PBXFrameworksBuildPhase;
			buildActionMask = 2147483647;
			files = (
			);
			runOnlyForDeploymentPostprocessing = 0;
		};
/* End PBXFrameworksBuildPhase section */

/* Begin PBXGroup section */
		6F87FE701C8B566000BA993B = {
			isa = PBXGroup;
			children = (
				6FD2D0421C8D14BD00552DFE /* LocalAuthentication.framework */,
				6F87FE7B1C8B566000BA993B /* Notesy */,
				6F87FE951C8B566100BA993B /* NotesyTests */,
				6F87FE7A1C8B566000BA993B /* Products */,
			);
			sourceTree = "<group>";
		};
		6F87FE7A1C8B566000BA993B /* Products */ = {
			isa = PBXGroup;
			children = (
				6F87FE791C8B566000BA993B /* Notesy.app */,
				6F87FE921C8B566100BA993B /* NotesyTests.xctest */,
			);
			name = Products;
			sourceTree = "<group>";
		};
		6F87FE7B1C8B566000BA993B /* Notesy */ = {
			isa = PBXGroup;
			children = (
				67F9A10D1C93DD6B00147B51 /* Header.h */,
				6F87FE801C8B566000BA993B /* AppDelegate.h */,
				6F87FE811C8B566000BA993B /* AppDelegate.m */,
				6F87FE831C8B566000BA993B /* ViewController.h */,
				6F87FE841C8B566000BA993B /* ViewController.m */,
				6FB850541C8D2E680031FFF2 /* EditNoteViewController.h */,
				6FB850551C8D2E680031FFF2 /* EditNoteViewController.m */,
				6F9017F71C914FF8009B56F2 /* SettingsViewController.h */,
				6F9017F81C914FF8009B56F2 /* SettingsViewController.m */,
				6F9017F41C9141B7009B56F2 /* PasswordViewController.h */,
				6F9017F51C9141BB009B56F2 /* PasswordViewController.m */,
				6FFBB9171C92080A0066F75D /* PAPasscodeViewController */,
				6F87FE861C8B566000BA993B /* Main.storyboard */,
				6F87FE8B1C8B566100BA993B /* LaunchScreen.xib */,
				6F87FE891C8B566100BA993B /* Images.xcassets */,
				6F87FE7C1C8B566000BA993B /* Supporting Files */,
			);
			path = Notesy;
			sourceTree = "<group>";
		};
		6F87FE7C1C8B566000BA993B /* Supporting Files */ = {
			isa = PBXGroup;
			children = (
				6F87FE7D1C8B566000BA993B /* Info.plist */,
				6F87FE7E1C8B566000BA993B /* main.m */,
			);
			name = "Supporting Files";
			sourceTree = "<group>";
		};
		6F87FE951C8B566100BA993B /* NotesyTests */ = {
			isa = PBXGroup;
			children = (
				6F87FE981C8B566100BA993B /* NotesyTests.m */,
				6F87FE961C8B566100BA993B /* Supporting Files */,
			);
			path = NotesyTests;
			sourceTree = "<group>";
		};
		6F87FE961C8B566100BA993B /* Supporting Files */ = {
			isa = PBXGroup;
			children = (
				6F87FE971C8B566100BA993B /* Info.plist */,
			);
			name = "Supporting Files";
			sourceTree = "<group>";
		};
		6FFBB9171C92080A0066F75D /* PAPasscodeViewController */ = {
			isa = PBXGroup;
			children = (
				6FFBB9131C9207EB0066F75D /* PAPasscodeViewController.h */,
				6FFBB9141C9207EB0066F75D /* PAPasscodeViewController.m */,
			);
			name = PAPasscodeViewController;
			sourceTree = "<group>";
		};
/* End PBXGroup section */

/* Begin PBXNativeTarget section */
		6F87FE781C8B566000BA993B /* Notesy */ = {
			isa = PBXNativeTarget;
			buildConfigurationList = 6F87FE9C1C8B566100BA993B /* Build configuration list for PBXNativeTarget "Notesy" */;
			buildPhases = (
				6F87FE751C8B566000BA993B /* Sources */,
				6F87FE761C8B566000BA993B /* Frameworks */,
				6F87FE771C8B566000BA993B /* Resources */,
			);
			buildRules = (
			);
			dependencies = (
			);
			name = Notesy;
			productName = Notesy;
			productReference = 6F87FE791C8B566000BA993B /* Notesy.app */;
			productType = "com.apple.product-type.application";
		};
		6F87FE911C8B566100BA993B /* NotesyTests */ = {
			isa = PBXNativeTarget;
			buildConfigurationList = 6F87FE9F1C8B566100BA993B /* Build configuration list for PBXNativeTarget "NotesyTests" */;
			buildPhases = (
				6F87FE8E1C8B566100BA993B /* Sources */,
				6F87FE8F1C8B566100BA993B /* Frameworks */,
				6F87FE901C8B566100BA993B /* Resources */,
			);
			buildRules = (
			);
			dependencies = (
				6F87FE941C8B566100BA993B /* PBXTargetDependency */,
			);
			name = NotesyTests;
			productName = NotesyTests;
			productReference = 6F87FE921C8B566100BA993B /* NotesyTests.xctest */;
			productType = "com.apple.product-type.bundle.unit-test";
		};
/* End PBXNativeTarget section */

/* Begin PBXProject section */
		6F87FE711C8B566000BA993B /* Project object */ = {
			isa = PBXProject;
			attributes = {
				LastUpgradeCheck = 0720;
				ORGANIZATIONNAME = "Logan O'Connell";
				TargetAttributes = {
					6F87FE781C8B566000BA993B = {
						CreatedOnToolsVersion = 6.4;
						DevelopmentTeam = NXN833X2XS;
					};
					6F87FE911C8B566100BA993B = {
						CreatedOnToolsVersion = 6.4;
						TestTargetID = 6F87FE781C8B566000BA993B;
					};
				};
			};
			buildConfigurationList = 6F87FE741C8B566000BA993B /* Build configuration list for PBXProject "Notesy" */;
			compatibilityVersion = "Xcode 3.2";
			developmentRegion = English;
			hasScannedForEncodings = 0;
			knownRegions = (
				en,
				Base,
			);
			mainGroup = 6F87FE701C8B566000BA993B;
			productRefGroup = 6F87FE7A1C8B566000BA993B /* Products */;
			projectDirPath = "";
			projectRoot = "";
			targets = (
				6F87FE781C8B566000BA993B /* Notesy */,
				6F87FE911C8B566100BA993B /* NotesyTests */,
			);
		};
/* End PBXProject section */

/* Begin PBXResourcesBuildPhase section */
		6F87FE771C8B566000BA993B /* Resources */ = {
			isa = PBXResourcesBuildPhase;
			buildActionMask = 2147483647;
			files = (
				6F87FE881C8B566000BA993B /* Main.storyboard in Resources */,
				6F87FE8D1C8B566100BA993B /* LaunchScreen.xib in Resources */,
				6F87FE8A1C8B566100BA993B /* Images.xcassets in Resources */,
			);
			runOnlyForDeploymentPostprocessing = 0;
		};
		6F87FE901C8B566100BA993B /* Resources */ = {
			isa = PBXResourcesBuildPhase;
			buildActionMask = 2147483647;
			files = (
			);
			runOnlyForDeploymentPostprocessing = 0;
		};
/* End PBXResourcesBuildPhase section */

/* Begin PBXSourcesBuildPhase section */
		6F87FE751C8B566000BA993B /* Sources */ = {
			isa = PBXSourcesBuildPhase;
			buildActionMask = 2147483647;
			files = (
				6FFBB9151C9207EB0066F75D /* PAPasscodeViewController.m in Sources */,
				6F87FE851C8B566000BA993B /* ViewController.m in Sources */,
				6F87FE821C8B566000BA993B /* AppDelegate.m in Sources */,
				6FB850561C8D2E680031FFF2 /* EditNoteViewController.m in Sources */,
				6F9017F91C914FF8009B56F2 /* SettingsViewController.m in Sources */,
				6F9017F61C9141BB009B56F2 /* PasswordViewController.m in Sources */,
				6F87FE7F1C8B566000BA993B /* main.m in Sources */,
			);
			runOnlyForDeploymentPostprocessing = 0;
		};
		6F87FE8E1C8B566100BA993B /* Sources */ = {
			isa = PBXSourcesBuildPhase;
			buildActionMask = 2147483647;
			files = (
				6F87FE991C8B566100BA993B /* NotesyTests.m in Sources */,
			);
			runOnlyForDeploymentPostprocessing = 0;
		};
/* End PBXSourcesBuildPhase section */

/* Begin PBXTargetDependency section */
		6F87FE941C8B566100BA993B /* PBXTargetDependency */ = {
			isa = PBXTargetDependency;
			target = 6F87FE781C8B566000BA993B /* Notesy */;
			targetProxy = 6F87FE931C8B566100BA993B /* PBXContainerItemProxy */;
		};
/* End PBXTargetDependency section */

/* Begin PBXVariantGroup section */
		6F87FE861C8B566000BA993B /* Main.storyboard */ = {
			isa = PBXVariantGroup;
			children = (
				6F87FE871C8B566000BA993B /* Base */,
			);
			name = Main.storyboard;
			sourceTree = "<group>";
		};
		6F87FE8B1C8B566100BA993B /* LaunchScreen.xib */ = {
			isa = PBXVariantGroup;
			children = (
				6F87FE8C1C8B566100BA993B /* Base */,
			);
			name = LaunchScreen.xib;
			sourceTree = "<group>";
		};
/* End PBXVariantGroup section */

/* Begin XCBuildConfiguration section */
		6F87FE9A1C8B566100BA993B /* Debug */ = {
			isa = XCBuildConfiguration;
			buildSettings = {
				ALWAYS_SEARCH_USER_PATHS = NO;
				CLANG_CXX_LANGUAGE_STANDARD = "gnu++0x";
				CLANG_CXX_LIBRARY = "libc++";
				CLANG_ENABLE_MODULES = YES;
				CLANG_ENABLE_OBJC_ARC = YES;
				CLANG_WARN_BOOL_CONVERSION = YES;
				CLANG_WARN_CONSTANT_CONVERSION = YES;
				CLANG_WARN_DIRECT_OBJC_ISA_USAGE = YES_ERROR;
				CLANG_WARN_EMPTY_BODY = YES;
				CLANG_WARN_ENUM_CONVERSION = YES;
				CLANG_WARN_INT_CONVERSION = YES;
				CLANG_WARN_OBJC_ROOT_CLASS = YES_ERROR;
				CLANG_WARN_UNREACHABLE_CODE = YES;
				CLANG_WARN__DUPLICATE_METHOD_MATCH = YES;
				"CODE_SIGN_IDENTITY[sdk=iphoneos*]" = "iPhone Developer";
				COPY_PHASE_STRIP = NO;
				DEBUG_INFORMATION_FORMAT = "dwarf-with-dsym";
				ENABLE_STRICT_OBJC_MSGSEND = YES;
				ENABLE_TESTABILITY = YES;
				GCC_C_LANGUAGE_STANDARD = gnu99;
				GCC_DYNAMIC_NO_PIC = NO;
				GCC_NO_COMMON_BLOCKS = YES;
				GCC_OPTIMIZATION_LEVEL = 0;
				GCC_PREPROCESSOR_DEFINITIONS = (
					"DEBUG=1",
					"$(inherited)",
				);
				GCC_SYMBOLS_PRIVATE_EXTERN = NO;
				GCC_WARN_64_TO_32_BIT_CONVERSION = YES;
				GCC_WARN_ABOUT_RETURN_TYPE = YES_ERROR;
				GCC_WARN_UNDECLARED_SELECTOR = YES;
				GCC_WARN_UNINITIALIZED_AUTOS = YES_AGGRESSIVE;
				GCC_WARN_UNUSED_FUNCTION = YES;
				GCC_WARN_UNUSED_VARIABLE = YES;
				IPHONEOS_DEPLOYMENT_TARGET = 8.4;
				MTL_ENABLE_DEBUG_INFO = YES;
				ONLY_ACTIVE_ARCH = YES;
				SDKROOT = iphoneos;
			};
			name = Debug;
		};
		6F87FE9B1C8B566100BA993B /* Release */ = {
			isa = XCBuildConfiguration;
			buildSettings = {
				ALWAYS_SEARCH_USER_PATHS = NO;
				CLANG_CXX_LANGUAGE_STANDARD = "gnu++0x";
				CLANG_CXX_LIBRARY = "libc++";
				CLANG_ENABLE_MODULES = YES;
				CLANG_ENABLE_OBJC_ARC = YES;
				CLANG_WARN_BOOL_CONVERSION = YES;
				CLANG_WARN_CONSTANT_CONVERSION = YES;
				CLANG_WARN_DIRECT_OBJC_ISA_USAGE = YES_ERROR;
				CLANG_WARN_EMPTY_BODY = YES;
				CLANG_WARN_ENUM_CONVERSION = YES;
				CLANG_WARN_INT_CONVERSION = YES;
				CLANG_WARN_OBJC_ROOT_CLASS = YES_ERROR;
				CLANG_WARN_UNREACHABLE_CODE = YES;
				CLANG_WARN__DUPLICATE_METHOD_MATCH = YES;
				"CODE_SIGN_IDENTITY[sdk=iphoneos*]" = "iPhone Developer";
				COPY_PHASE_STRIP = NO;
				DEBUG_INFORMATION_FORMAT = "dwarf-with-dsym";
				ENABLE_NS_ASSERTIONS = NO;
				ENABLE_STRICT_OBJC_MSGSEND = YES;
				GCC_C_LANGUAGE_STANDARD = gnu99;
				GCC_NO_COMMON_BLOCKS = YES;
				GCC_WARN_64_TO_32_BIT_CONVERSION = YES;
				GCC_WARN_ABOUT_RETURN_TYPE = YES_ERROR;
				GCC_WARN_UNDECLARED_SELECTOR = YES;
				GCC_WARN_UNINITIALIZED_AUTOS = YES_AGGRESSIVE;
				GCC_WARN_UNUSED_FUNCTION = YES;
				GCC_WARN_UNUSED_VARIABLE = YES;
				IPHONEOS_DEPLOYMENT_TARGET = 8.4;
				MTL_ENABLE_DEBUG_INFO = NO;
				SDKROOT = iphoneos;
				VALIDATE_PRODUCT = YES;
			};
			name = Release;
		};
		6F87FE9D1C8B566100BA993B /* Debug */ = {
			isa = XCBuildConfiguration;
			buildSettings = {
				ASSETCATALOG_COMPILER_APPICON_NAME = AppIcon;
				CODE_SIGN_IDENTITY = "iPhone Developer";
				"CODE_SIGN_IDENTITY[sdk=iphoneos*]" = "iPhone Developer";
				INFOPLIST_FILE = Notesy/Info.plist;
				IPHONEOS_DEPLOYMENT_TARGET = 8.0;
				LD_RUNPATH_SEARCH_PATHS = "$(inherited) @executable_path/Frameworks";
				PRODUCT_BUNDLE_IDENTIFIER = "com.AppsByLogan.$(PRODUCT_NAME:rfc1034identifier)";
				PRODUCT_NAME = "$(TARGET_NAME)";
				PROVISIONING_PROFILE = "";
			};
			name = Debug;
		};
		6F87FE9E1C8B566100BA993B /* Release */ = {
			isa = XCBuildConfiguration;
			buildSettings = {
				ASSETCATALOG_COMPILER_APPICON_NAME = AppIcon;
				CODE_SIGN_IDENTITY = "iPhone Developer";
				"CODE_SIGN_IDENTITY[sdk=iphoneos*]" = "iPhone Developer";
				INFOPLIST_FILE = Notesy/Info.plist;
				IPHONEOS_DEPLOYMENT_TARGET = 8.0;
				LD_RUNPATH_SEARCH_PATHS = "$(inherited) @executable_path/Frameworks";
				PRODUCT_BUNDLE_IDENTIFIER = "com.AppsByLogan.$(PRODUCT_NAME:rfc1034identifier)";
				PRODUCT_NAME = "$(TARGET_NAME)";
				PROVISIONING_PROFILE = "";
			};
			name = Release;
		};
		6F87FEA01C8B566100BA993B /* Debug */ = {
			isa = XCBuildConfiguration;
			buildSettings = {
				BUNDLE_LOADER = "$(TEST_HOST)";
				FRAMEWORK_SEARCH_PATHS = (
					"$(SDKROOT)/Developer/Library/Frameworks",
					"$(inherited)",
				);
				GCC_PREPROCESSOR_DEFINITIONS = (
					"DEBUG=1",
					"$(inherited)",
				);
				INFOPLIST_FILE = NotesyTests/Info.plist;
				LD_RUNPATH_SEARCH_PATHS = "$(inherited) @executable_path/Frameworks @loader_path/Frameworks";
				PRODUCT_BUNDLE_IDENTIFIER = "com.AppsByLogan.$(PRODUCT_NAME:rfc1034identifier)";
				PRODUCT_NAME = "$(TARGET_NAME)";
				TEST_HOST = "$(BUILT_PRODUCTS_DIR)/Notesy.app/Notesy";
			};
			name = Debug;
		};
		6F87FEA11C8B566100BA993B /* Release */ = {
			isa = XCBuildConfiguration;
			buildSettings = {
				BUNDLE_LOADER = "$(TEST_HOST)";
				FRAMEWORK_SEARCH_PATHS = (
					"$(SDKROOT)/Developer/Library/Frameworks",
					"$(inherited)",
				);
				INFOPLIST_FILE = NotesyTests/Info.plist;
				LD_RUNPATH_SEARCH_PATHS = "$(inherited) @executable_path/Frameworks @loader_path/Frameworks";
				PRODUCT_BUNDLE_IDENTIFIER = "com.AppsByLogan.$(PRODUCT_NAME:rfc1034identifier)";
				PRODUCT_NAME = "$(TARGET_NAME)";
				TEST_HOST = "$(BUILT_PRODUCTS_DIR)/Notesy.app/Notesy";
			};
			name = Release;
		};
/* End XCBuildConfiguration section */

/* Begin XCConfigurationList section */
		6F87FE741C8B566000BA993B /* Build configuration list for PBXProject "Notesy" */ = {
			isa = XCConfigurationList;
			buildConfigurations = (
				6F87FE9A1C8B566100BA993B /* Debug */,
				6F87FE9B1C8B566100BA993B /* Release */,
			);
			defaultConfigurationIsVisible = 0;
			defaultConfigurationName = Release;
		};
		6F87FE9C1C8B566100BA993B /* Build configuration list for PBXNativeTarget "Notesy" */ = {
			isa = XCConfigurationList;
			buildConfigurations = (
				6F87FE9D1C8B566100BA993B /* Debug */,
				6F87FE9E1C8B566100BA993B /* Release */,
			);
			defaultConfigurationIsVisible = 0;
			defaultConfigurationName = Release;
		};
		6F87FE9F1C8B566100BA993B /* Build configuration list for PBXNativeTarget "NotesyTests" */ = {
			isa = XCConfigurationList;
			buildConfigurations = (
				6F87FEA01C8B566100BA993B /* Debug */,
				6F87FEA11C8B566100BA993B /* Release */,
			);
			defaultConfigurationIsVisible = 0;
			defaultConfigurationName = Release;
		};
/* End XCConfigurationList section */
	};
	rootObject = 6F87FE711C8B566000BA993B /* Project object */;
}
